
Microsoft Visual Studio Solution File, Format Version 12.00
# Visual Studio Version 16
VisualStudioVersion = 16.0.33328.57
MinimumVisualStudioVersion = 10.0.40219.1
Project("{FAE04EC0-301F-11D3-BF4B-00C04F79EFBC}") = "StudentManagementAPI", "StudentManagementAPI.csproj", "{B8C2D35B-EA14-4827-AC2C-FD05B907989C}"
EndProject
Project("{FAE04EC0-301F-11D3-BF4B-00C04F79EFBC}") = "StudentManagementAPI.DataAccess", "..\StudentManagementAPI.DataAccess\StudentManagementAPI.DataAccess.csproj", "{CCF78E69-F83A-485F-BD0A-A54E8F0A07F6}"
EndProject
Project("{FAE04EC0-301F-11D3-BF4B-00C04F79EFBC}") = "StudentManagementAPI.Models", "..\StudentManagementAPI.Models\StudentManagementAPI.Models.csproj", "{B24B32A1-FA07-43BC-9575-B3F4C462E1D3}"
EndProject
Project("{FAE04EC0-301F-11D3-BF4B-00C04F79EFBC}") = "StudentManagementAPI.Services", "..\StudentManagementAPI.Services\StudentManagementAPI.Services.csproj", "{7E086D88-2CA4-4167-A4D4-8D877591E962}"
EndProject
Global
	GlobalSection(SolutionConfigurationPlatforms) = preSolution
		Debug|Any CPU = Debug|Any CPU
		Release|Any CPU = Release|Any CPU
	EndGlobalSection
	GlobalSection(ProjectConfigurationPlatforms) = postSolution
		{B8C2D35B-EA14-4827-AC2C-FD05B907989C}.Debug|Any CPU.ActiveCfg = Debug|Any CPU
		{B8C2D35B-EA14-4827-AC2C-FD05B907989C}.Debug|Any CPU.Build.0 = Debug|Any CPU
		{B8C2D35B-EA14-4827-AC2C-FD05B907989C}.Release|Any CPU.ActiveCfg = Release|Any CPU
		{B8C2D35B-EA14-4827-AC2C-FD05B907989C}.Release|Any CPU.Build.0 = Release|Any CPU
		{CCF78E69-F83A-485F-BD0A-A54E8F0A07F6}.Debug|Any CPU.ActiveCfg = Debug|Any CPU
		{CCF78E69-F83A-485F-BD0A-A54E8F0A07F6}.Debug|Any CPU.Build.0 = Debug|Any CPU
		{CCF78E69-F83A-485F-BD0A-A54E8F0A07F6}.Release|Any CPU.ActiveCfg = Release|Any CPU
		{CCF78E69-F83A-485F-BD0A-A54E8F0A07F6}.Release|Any CPU.Build.0 = Release|Any CPU
		{B24B32A1-FA07-43BC-9575-B3F4C462E1D3}.Debug|Any CPU.ActiveCfg = Debug|Any CPU
		{B24B32A1-FA07-43BC-9575-B3F4C462E1D3}.Debug|Any CPU.Build.0 = Debug|Any CPU
		{B24B32A1-FA07-43BC-9575-B3F4C462E1D3}.Release|Any CPU.ActiveCfg = Release|Any CPU
		{B24B32A1-FA07-43BC-9575-B3F4C462E1D3}.Release|Any CPU.Build.0 = Release|Any CPU
		{7E086D88-2CA4-4167-A4D4-8D877591E962}.Debug|Any CPU.ActiveCfg = Debug|Any CPU
		{7E086D88-2CA4-4167-A4D4-8D877591E962}.Debug|Any CPU.Build.0 = Debug|Any CPU
		{7E086D88-2CA4-4167-A4D4-8D877591E962}.Release|Any CPU.ActiveCfg = Release|Any CPU
		{7E086D88-2CA4-4167-A4D4-8D877591E962}.Release|Any CPU.Build.0 = Release|Any CPU
	EndGlobalSection
	GlobalSection(SolutionProperties) = preSolution
		HideSolutionNode = FALSE
	EndGlobalSection
	GlobalSection(ExtensibilityGlobals) = postSolution
		SolutionGuid = {EE43A7C6-117A-40B0-A788-7DB1EBE3CADF}
	EndGlobalSection
EndGlobal
