
Microsoft Visual Studio Solution File, Format Version 12.00
# Visual Studio Version 16
VisualStudioVersion = 16.0.33328.57
MinimumVisualStudioVersion = 10.0.40219.1
Project("{FAE04EC0-301F-11D3-BF4B-00C04F79EFBC}") = "StudentManagementAPI", "StudentManagementAPI.csproj", "{B8C2D35B-EA14-4827-AC2C-FD05B907989C}"
EndProject
Global
	GlobalSection(SolutionConfigurationPlatforms) = preSolution
		Debug|Any CPU = Debug|Any CPU
		Release|Any CPU = Release|Any CPU
	EndGlobalSection
	GlobalSection(ProjectConfigurationPlatforms) = postSolution
		{B8C2D35B-EA14-4827-AC2C-FD05B907989C}.Debug|Any CPU.ActiveCfg = Debug|Any CPU
		{B8C2D35B-EA14-4827-AC2C-FD05B907989C}.Debug|Any CPU.Build.0 = Debug|Any CPU
		{B8C2D35B-EA14-4827-AC2C-FD05B907989C}.Release|Any CPU.ActiveCfg = Release|Any CPU
		{B8C2D35B-EA14-4827-AC2C-FD05B907989C}.Release|Any CPU.Build.0 = Release|Any CPU
	EndGlobalSection
	GlobalSection(SolutionProperties) = preSolution
		HideSolutionNode = FALSE
	EndGlobalSection
	GlobalSection(ExtensibilityGlobals) = postSolution
		SolutionGuid = {EE43A7C6-117A-40B0-A788-7DB1EBE3CADF}
	EndGlobalSection
EndGlobal
